// !$*UTF8*$!
{
	archiveVersion = 1;
	classes = {
	};
	objectVersion = 46;
	objects = {

/* Begin PBXBuildFile section */
		D8170E921E6051DF00B852FF /* AppDelegate.swift in Sources */ = {isa = PBXBuildFile; fileRef = D8170E911E6051DF00B852FF /* AppDelegate.swift */; };
		D8170E941E6051DF00B852FF /* ViewController.swift in Sources */ = {isa = PBXBuildFile; fileRef = D8170E931E6051DF00B852FF /* ViewController.swift */; };
		D8170E971E6051DF00B852FF /* Main.storyboard in Resources */ = {isa = PBXBuildFile; fileRef = D8170E951E6051DF00B852FF /* Main.storyboard */; };
		D8170E991E6051DF00B852FF /* Assets.xcassets in Resources */ = {isa = PBXBuildFile; fileRef = D8170E981E6051DF00B852FF /* Assets.xcassets */; };
		D8170E9C1E6051DF00B852FF /* LaunchScreen.storyboard in Resources */ = {isa = PBXBuildFile; fileRef = D8170E9A1E6051DF00B852FF /* LaunchScreen.storyboard */; };
/* End PBXBuildFile section */

/* Begin PBXFileReference section */
		D8170E8E1E6051DF00B852FF /* finalpro.app */ = {isa = PBXFileReference; explicitFileType = wrapper.application; includeInIndex = 0; path = finalpro.app; sourceTree = BUILT_PRODUCTS_DIR; };
		D8170E911E6051DF00B852FF /* AppDelegate.swift */ = {isa = PBXFileReference; lastKnownFileType = sourcecode.swift; path = AppDelegate.swift; sourceTree = "<group>"; };
		D8170E931E6051DF00B852FF /* ViewController.swift */ = {isa = PBXFileReference; lastKnownFileType = sourcecode.swift; path = ViewController.swift; sourceTree = "<group>"; };
		D8170E961E6051DF00B852FF /* Base */ = {isa = PBXFileReference; lastKnownFileType = file.storyboard; name = Base; path = Base.lproj/Main.storyboard; sourceTree = "<group>"; };
		D8170E981E6051DF00B852FF /* Assets.xcassets */ = {isa = PBXFileReference; lastKnownFileType = folder.assetcatalog; path = Assets.xcassets; sourceTree = "<group>"; };
		D8170E9B1E6051DF00B852FF /* Base */ = {isa = PBXFileReference; lastKnownFileType = file.storyboard; name = Base; path = Base.lproj/LaunchScreen.storyboard; sourceTree = "<group>"; };
		D8170E9D1E6051DF00B852FF /* Info.plist */ = {isa = PBXFileReference; lastKnownFileType = text.plist.xml; path = Info.plist; sourceTree = "<group>"; };
/* End PBXFileReference section */

/* Begin PBXFrameworksBuildPhase section */
		D8170E8B1E6051DF00B852FF /* Frameworks */ = {
			isa = PBXFrameworksBuildPhase;
			buildActionMask = 2147483647;
			files = (
			);
			runOnlyForDeploymentPostprocessing = 0;
		};
/* End PBXFrameworksBuildPhase section */

/* Begin PBXGroup section */
		D8170E851E6051DF00B852FF = {
			isa = PBXGroup;
			children = (
				D8170E901E6051DF00B852FF /* finalpro */,
				D8170E8F1E6051DF00B852FF /* Products */,
			);
			sourceTree = "<group>";
		};
		D8170E8F1E6051DF00B852FF /* Products */ = {
			isa = PBXGroup;
			children = (
				D8170E8E1E6051DF00B852FF /* finalpro.app */,
			);
			name = Products;
			sourceTree = "<group>";
		};
		D8170E901E6051DF00B852FF /* finalpro */ = {
			isa = PBXGroup;
			children = (
				D8170E911E6051DF00B852FF /* AppDelegate.swift */,
				D8170E931E6051DF00B852FF /* ViewController.swift */,
				D8170E951E6051DF00B852FF /* Main.storyboard */,
				D8170E981E6051DF00B852FF /* Assets.xcassets */,
				D8170E9A1E6051DF00B852FF /* LaunchScreen.storyboard */,
				D8170E9D1E6051DF00B852FF /* Info.plist */,
			);
			path = finalpro;
			sourceTree = "<group>";
		};
/* End PBXGroup section */

/* Begin PBXNativeTarget section */
		D8170E8D1E6051DF00B852FF /* finalpro */ = {
			isa = PBXNativeTarget;
			buildConfigurationList = D8170EA01E6051DF00B852FF /* Build configuration list for PBXNativeTarget "finalpro" */;
			buildPhases = (
				D8170E8A1E6051DF00B852FF /* Sources */,
				D8170E8B1E6051DF00B852FF /* Frameworks */,
				D8170E8C1E6051DF00B852FF /* Resources */,
			);
			buildRules = (
			);
			dependencies = (
			);
			name = finalpro;
			productName = finalpro;
			productReference = D8170E8E1E6051DF00B852FF /* finalpro.app */;
			productType = "com.apple.product-type.application";
		};
/* End PBXNativeTarget section */

/* Begin PBXProject section */
		D8170E861E6051DF00B852FF /* Project object */ = {
			isa = PBXProject;
			attributes = {
				LastSwiftUpdateCheck = 0800;
				LastUpgradeCheck = 0800;
				ORGANIZATIONNAME = "Farhan Pirzada";
				TargetAttributes = {
					D8170E8D1E6051DF00B852FF = {
						CreatedOnToolsVersion = 8.0;
						DevelopmentTeam = 6F256AVHD5;
						ProvisioningStyle = Automatic;
					};
				};
			};
			buildConfigurationList = D8170E891E6051DF00B852FF /* Build configuration list for PBXProject "finalpro" */;
			compatibilityVersion = "Xcode 3.2";
			developmentRegion = English;
			hasScannedForEncodings = 0;
			knownRegions = (
				en,
				Base,
			);
			mainGroup = D8170E851E6051DF00B852FF;
			productRefGroup = D8170E8F1E6051DF00B852FF /* Products */;
			projectDirPath = "";
			projectRoot = "";
			targets = (
				D8170E8D1E6051DF00B852FF /* finalpro */,
			);
		};
/* End PBXProject section */

/* Begin PBXResourcesBuildPhase section */
		D8170E8C1E6051DF00B852FF /* Resources */ = {
			isa = PBXResourcesBuildPhase;
			buildActionMask = 2147483647;
			files = (
				D8170E9C1E6051DF00B852FF /* LaunchScreen.storyboard in Resources */,
				D8170E991E6051DF00B852FF /* Assets.xcassets in Resources */,
				D8170E971E6051DF00B852FF /* Main.storyboard in Resources */,
			);
			runOnlyForDeploymentPostprocessing = 0;
		};
/* End PBXResourcesBuildPhase section */

/* Begin PBXSourcesBuildPhase section */
		D8170E8A1E6051DF00B852FF /* Sources */ = {
			isa = PBXSourcesBuildPhase;
			buildActionMask = 2147483647;
			files = (
				D8170E941E6051DF00B852FF /* ViewController.swift in Sources */,
				D8170E921E6051DF00B852FF /* AppDelegate.swift in Sources */,
			);
			runOnlyForDeploymentPostprocessing = 0;
		};
/* End PBXSourcesBuildPhase section */

/* Begin PBXVariantGroup section */
		D8170E951E6051DF00B852FF /* Main.storyboard */ = {
			isa = PBXVariantGroup;
			children = (
				D8170E961E6051DF00B852FF /* Base */,
			);
			name = Main.storyboard;
			sourceTree = "<group>";
		};
		D8170E9A1E6051DF00B852FF /* LaunchScreen.storyboard */ = {
			isa = PBXVariantGroup;
			children = (
				D8170E9B1E6051DF00B852FF /* Base */,
			);
			name = LaunchScreen.storyboard;
			sourceTree = "<group>";
		};
/* End PBXVariantGroup section */

/* Begin XCBuildConfiguration section */
		D8170E9E1E6051DF00B852FF /* Debug */ = {
			isa = XCBuildConfiguration;
			buildSettings = {
				ALWAYS_SEARCH_USER_PATHS = NO;
				CLANG_ANALYZER_NONNULL = YES;
				CLANG_CXX_LANGUAGE_STANDARD = "gnu++0x";
				CLANG_CXX_LIBRARY = "libc++";
				CLANG_ENABLE_MODULES = YES;
				CLANG_ENABLE_OBJC_ARC = YES;
				CLANG_WARN_BOOL_CONVERSION = YES;
				CLANG_WARN_CONSTANT_CONVERSION = YES;
				CLANG_WARN_DIRECT_OBJC_ISA_USAGE = YES_ERROR;
				CLANG_WARN_DOCUMENTATION_COMMENTS = YES;
				CLANG_WARN_EMPTY_BODY = YES;
				CLANG_WARN_ENUM_CONVERSION = YES;
				CLANG_WARN_INFINITE_RECURSION = YES;
				CLANG_WARN_INT_CONVERSION = YES;
				CLANG_WARN_OBJC_ROOT_CLASS = YES_ERROR;
				CLANG_WARN_SUSPICIOUS_MOVES = YES;
				CLANG_WARN_UNREACHABLE_CODE = YES;
				CLANG_WARN__DUPLICATE_METHOD_MATCH = YES;
				"CODE_SIGN_IDENTITY[sdk=iphoneos*]" = "iPhone Developer";
				COPY_PHASE_STRIP = NO;
				DEBUG_INFORMATION_FORMAT = dwarf;
				ENABLE_STRICT_OBJC_MSGSEND = YES;
				ENABLE_TESTABILITY = YES;
				GCC_C_LANGUAGE_STANDARD = gnu99;
				GCC_DYNAMIC_NO_PIC = NO;
				GCC_NO_COMMON_BLOCKS = YES;
				GCC_OPTIMIZATION_LEVEL = 0;
				GCC_PREPROCESSOR_DEFINITIONS = (
					"DEBUG=1",
					"$(inherited)",
				);
				GCC_WARN_64_TO_32_BIT_CONVERSION = YES;
				GCC_WARN_ABOUT_RETURN_TYPE = YES_ERROR;
				GCC_WARN_UNDECLARED_SELECTOR = YES;
				GCC_WARN_UNINITIALIZED_AUTOS = YES_AGGRESSIVE;
				GCC_WARN_UNUSED_FUNCTION = YES;
				GCC_WARN_UNUSED_VARIABLE = YES;
				IPHONEOS_DEPLOYMENT_TARGET = 10.0;
				MTL_ENABLE_DEBUG_INFO = YES;
				ONLY_ACTIVE_ARCH = YES;
				SDKROOT = iphoneos;
				SWIFT_ACTIVE_COMPILATION_CONDITIONS = DEBUG;
				SWIFT_OPTIMIZATION_LEVEL = "-Onone";
				TARGETED_DEVICE_FAMILY = "1,2";
			};
			name = Debug;
		};
		D8170E9F1E6051DF00B852FF /* Release */ = {
			isa = XCBuildConfiguration;
			buildSettings = {
				ALWAYS_SEARCH_USER_PATHS = NO;
				CLANG_ANALYZER_NONNULL = YES;
				CLANG_CXX_LANGUAGE_STANDARD = "gnu++0x";
				CLANG_CXX_LIBRARY = "libc++";
				CLANG_ENABLE_MODULES = YES;
				CLANG_ENABLE_OBJC_ARC = YES;
				CLANG_WARN_BOOL_CONVERSION = YES;
				CLANG_WARN_CONSTANT_CONVERSION = YES;
				CLANG_WARN_DIRECT_OBJC_ISA_USAGE = YES_ERROR;
				CLANG_WARN_DOCUMENTATION_COMMENTS = YES;
				CLANG_WARN_EMPTY_BODY = YES;
				CLANG_WARN_ENUM_CONVERSION = YES;
				CLANG_WARN_INFINITE_RECURSION = YES;
				CLANG_WARN_INT_CONVERSION = YES;
				CLANG_WARN_OBJC_ROOT_CLASS = YES_ERROR;
				CLANG_WARN_SUSPICIOUS_MOVES = YES;
				CLANG_WARN_UNREACHABLE_CODE = YES;
				CLANG_WARN__DUPLICATE_METHOD_MATCH = YES;
				"CODE_SIGN_IDENTITY[sdk=iphoneos*]" = "iPhone Developer";
				COPY_PHASE_STRIP = NO;
				DEBUG_INFORMATION_FORMAT = "dwarf-with-dsym";
				ENABLE_NS_ASSERTIONS = NO;
				ENABLE_STRICT_OBJC_MSGSEND = YES;
				GCC_C_LANGUAGE_STANDARD = gnu99;
				GCC_NO_COMMON_BLOCKS = YES;
				GCC_WARN_64_TO_32_BIT_CONVERSION = YES;
				GCC_WARN_ABOUT_RETURN_TYPE = YES_ERROR;
				GCC_WARN_UNDECLARED_SELECTOR = YES;
				GCC_WARN_UNINITIALIZED_AUTOS = YES_AGGRESSIVE;
				GCC_WARN_UNUSED_FUNCTION = YES;
				GCC_WARN_UNUSED_VARIABLE = YES;
				IPHONEOS_DEPLOYMENT_TARGET = 10.0;
				MTL_ENABLE_DEBUG_INFO = NO;
				SDKROOT = iphoneos;
				SWIFT_OPTIMIZATION_LEVEL = "-Owholemodule";
				TARGETED_DEVICE_FAMILY = "1,2";
				VALIDATE_PRODUCT = YES;
			};
			name = Release;
		};
		D8170EA11E6051DF00B852FF /* Debug */ = {
			isa = XCBuildConfiguration;
			buildSettings = {
				ASSETCATALOG_COMPILER_APPICON_NAME = AppIcon;
				DEVELOPMENT_TEAM = 6F256AVHD5;
				INFOPLIST_FILE = finalpro/Info.plist;
				LD_RUNPATH_SEARCH_PATHS = "$(inherited) @executable_path/Frameworks";
				PRODUCT_BUNDLE_IDENTIFIER = Inrra.finalpro;
				PRODUCT_NAME = "$(TARGET_NAME)";
				SWIFT_VERSION = 3.0;
			};
			name = Debug;
		};
		D8170EA21E6051DF00B852FF /* Release */ = {
			isa = XCBuildConfiguration;
			buildSettings = {
				ASSETCATALOG_COMPILER_APPICON_NAME = AppIcon;
				DEVELOPMENT_TEAM = 6F256AVHD5;
				INFOPLIST_FILE = finalpro/Info.plist;
				LD_RUNPATH_SEARCH_PATHS = "$(inherited) @executable_path/Frameworks";
				PRODUCT_BUNDLE_IDENTIFIER = Inrra.finalpro;
				PRODUCT_NAME = "$(TARGET_NAME)";
				SWIFT_VERSION = 3.0;
			};
			name = Release;
		};
/* End XCBuildConfiguration section */

/* Begin XCConfigurationList section */
		D8170E891E6051DF00B852FF /* Build configuration list for PBXProject "finalpro" */ = {
			isa = XCConfigurationList;
			buildConfigurations = (
				D8170E9E1E6051DF00B852FF /* Debug */,
				D8170E9F1E6051DF00B852FF /* Release */,
			);
			defaultConfigurationIsVisible = 0;
			defaultConfigurationName = Release;
		};
		D8170EA01E6051DF00B852FF /* Build configuration list for PBXNativeTarget "finalpro" */ = {
			isa = XCConfigurationList;
			buildConfigurations = (
				D8170EA11E6051DF00B852FF /* Debug */,
				D8170EA21E6051DF00B852FF /* Release */,
			);
			defaultConfigurationIsVisible = 0;
		};
/* End XCConfigurationList section */
	};
	rootObject = D8170E861E6051DF00B852FF /* Project object */;
}
